
Microsoft Visual Studio Solution File, Format Version 12.00
# Visual Studio Version 17
VisualStudioVersion = 17.5.33414.496
MinimumVisualStudioVersion = 10.0.40219.1
Project("{FAE04EC0-301F-11D3-BF4B-00C04F79EFBC}") = "P01_StudentSystem", "StudentSystem\P01_StudentSystem.csproj", "{D9BB6345-4EAA-4CD6-8535-6F2E7DC1AE7D}"
EndProject
Project("{FAE04EC0-301F-11D3-BF4B-00C04F79EFBC}") = "P01_StudentSystem.Data", "P01_StudentSystem.Data\P01_StudentSystem.Data.csproj", "{17DABAE4-1F04-4924-A07E-1FEF912F581D}"
EndProject
Project("{FAE04EC0-301F-11D3-BF4B-00C04F79EFBC}") = "P01_StudentSystem.Data.Models", "P01_StudentSystem.Data.Models\P01_StudentSystem.Data.Models.csproj", "{C1F171EC-D659-4747-80AC-049BCEBCC2B4}"
EndProject
Project("{FAE04EC0-301F-11D3-BF4B-00C04F79EFBC}") = "P02_StudentSystem.Data.Common", "P02_StudentSystem.Data.Common\P02_StudentSystem.Data.Common.csproj", "{21198B2E-6481-4F48-9DD1-090F7AA9FC91}"
EndProject
Global
	GlobalSection(SolutionConfigurationPlatforms) = preSolution
		Debug|Any CPU = Debug|Any CPU
		Release|Any CPU = Release|Any CPU
	EndGlobalSection
	GlobalSection(ProjectConfigurationPlatforms) = postSolution
		{D9BB6345-4EAA-4CD6-8535-6F2E7DC1AE7D}.Debug|Any CPU.ActiveCfg = Debug|Any CPU
		{D9BB6345-4EAA-4CD6-8535-6F2E7DC1AE7D}.Debug|Any CPU.Build.0 = Debug|Any CPU
		{D9BB6345-4EAA-4CD6-8535-6F2E7DC1AE7D}.Release|Any CPU.ActiveCfg = Release|Any CPU
		{D9BB6345-4EAA-4CD6-8535-6F2E7DC1AE7D}.Release|Any CPU.Build.0 = Release|Any CPU
		{17DABAE4-1F04-4924-A07E-1FEF912F581D}.Debug|Any CPU.ActiveCfg = Debug|Any CPU
		{17DABAE4-1F04-4924-A07E-1FEF912F581D}.Debug|Any CPU.Build.0 = Debug|Any CPU
		{17DABAE4-1F04-4924-A07E-1FEF912F581D}.Release|Any CPU.ActiveCfg = Release|Any CPU
		{17DABAE4-1F04-4924-A07E-1FEF912F581D}.Release|Any CPU.Build.0 = Release|Any CPU
		{C1F171EC-D659-4747-80AC-049BCEBCC2B4}.Debug|Any CPU.ActiveCfg = Debug|Any CPU
		{C1F171EC-D659-4747-80AC-049BCEBCC2B4}.Debug|Any CPU.Build.0 = Debug|Any CPU
		{C1F171EC-D659-4747-80AC-049BCEBCC2B4}.Release|Any CPU.ActiveCfg = Release|Any CPU
		{C1F171EC-D659-4747-80AC-049BCEBCC2B4}.Release|Any CPU.Build.0 = Release|Any CPU
		{21198B2E-6481-4F48-9DD1-090F7AA9FC91}.Debug|Any CPU.ActiveCfg = Debug|Any CPU
		{21198B2E-6481-4F48-9DD1-090F7AA9FC91}.Debug|Any CPU.Build.0 = Debug|Any CPU
		{21198B2E-6481-4F48-9DD1-090F7AA9FC91}.Release|Any CPU.ActiveCfg = Release|Any CPU
		{21198B2E-6481-4F48-9DD1-090F7AA9FC91}.Release|Any CPU.Build.0 = Release|Any CPU
	EndGlobalSection
	GlobalSection(SolutionProperties) = preSolution
		HideSolutionNode = FALSE
	EndGlobalSection
	GlobalSection(ExtensibilityGlobals) = postSolution
		SolutionGuid = {B5619E09-C835-4D42-85E1-A64D8266ED25}
	EndGlobalSection
EndGlobal
