
Microsoft Visual Studio Solution File, Format Version 12.00
# Visual Studio Version 17
VisualStudioVersion = 17.3.32901.215
MinimumVisualStudioVersion = 10.0.40219.1
Project("{FAE04EC0-301F-11D3-BF4B-00C04F79EFBC}") = "Basic Stack Operations", "Basic Stack Operations\Basic Stack Operations.csproj", "{043BE7ED-4877-41CD-9770-9FCBE3A5DE2F}"
EndProject
Project("{FAE04EC0-301F-11D3-BF4B-00C04F79EFBC}") = "Basic Queue Operations", "Basic Queue Operations\Basic Queue Operations.csproj", "{CC8F45B0-C0D0-4D03-B51C-9FCD93E5A290}"
EndProject
Project("{FAE04EC0-301F-11D3-BF4B-00C04F79EFBC}") = "Maximum and Minimum Element", "Maximum and Minimum Element\Maximum and Minimum Element.csproj", "{C8314E27-B6C4-4067-850D-1BF46DF00DEB}"
EndProject
Project("{FAE04EC0-301F-11D3-BF4B-00C04F79EFBC}") = "Fast Food", "Fast Food\Fast Food.csproj", "{B3A8F938-0B71-4D97-AF3E-061677FFFFB8}"
EndProject
Project("{FAE04EC0-301F-11D3-BF4B-00C04F79EFBC}") = "Fashion Boutique", "Fashion Boutique\Fashion Boutique.csproj", "{F2502A5E-60B3-4A23-930C-1847559A3159}"
EndProject
Project("{FAE04EC0-301F-11D3-BF4B-00C04F79EFBC}") = "Songs Queue", "Songs Queue\Songs Queue.csproj", "{391C6846-1D12-40FA-BBC7-1B54D7B9E5D5}"
EndProject
Project("{FAE04EC0-301F-11D3-BF4B-00C04F79EFBC}") = "Truck Tour", "Truck Tour\Truck Tour.csproj", "{12573B80-D162-4572-B931-D31A7B776B26}"
EndProject
Project("{FAE04EC0-301F-11D3-BF4B-00C04F79EFBC}") = "Balanced Parentheses", "Balanced Parentheses\Balanced Parentheses.csproj", "{66B5F392-67C9-4797-9A6E-CF570E0C36E9}"
EndProject
Project("{FAE04EC0-301F-11D3-BF4B-00C04F79EFBC}") = "Simple Text Editor", "Simple Text Editor\Simple Text Editor.csproj", "{4EFCD47F-96F1-4128-A23D-61F9814F38C1}"
EndProject
Project("{FAE04EC0-301F-11D3-BF4B-00C04F79EFBC}") = "CrossRoads", "CrossRoads\CrossRoads.csproj", "{FCC1875C-ED65-4512-8829-02D0A16F99ED}"
EndProject
Project("{FAE04EC0-301F-11D3-BF4B-00C04F79EFBC}") = "Key Revolver", "Key Revolver\Key Revolver.csproj", "{D9CB6E51-1E09-4F6E-83BB-D4F7828D8C30}"
EndProject
Project("{FAE04EC0-301F-11D3-BF4B-00C04F79EFBC}") = "Cups and Bottles", "Cups and Bottles\Cups and Bottles.csproj", "{C8F38F9C-D06B-4DA7-A359-B2922EB8D56E}"
EndProject
Global
	GlobalSection(SolutionConfigurationPlatforms) = preSolution
		Debug|Any CPU = Debug|Any CPU
		Release|Any CPU = Release|Any CPU
	EndGlobalSection
	GlobalSection(ProjectConfigurationPlatforms) = postSolution
		{043BE7ED-4877-41CD-9770-9FCBE3A5DE2F}.Debug|Any CPU.ActiveCfg = Debug|Any CPU
		{043BE7ED-4877-41CD-9770-9FCBE3A5DE2F}.Debug|Any CPU.Build.0 = Debug|Any CPU
		{043BE7ED-4877-41CD-9770-9FCBE3A5DE2F}.Release|Any CPU.ActiveCfg = Release|Any CPU
		{043BE7ED-4877-41CD-9770-9FCBE3A5DE2F}.Release|Any CPU.Build.0 = Release|Any CPU
		{CC8F45B0-C0D0-4D03-B51C-9FCD93E5A290}.Debug|Any CPU.ActiveCfg = Debug|Any CPU
		{CC8F45B0-C0D0-4D03-B51C-9FCD93E5A290}.Debug|Any CPU.Build.0 = Debug|Any CPU
		{CC8F45B0-C0D0-4D03-B51C-9FCD93E5A290}.Release|Any CPU.ActiveCfg = Release|Any CPU
		{CC8F45B0-C0D0-4D03-B51C-9FCD93E5A290}.Release|Any CPU.Build.0 = Release|Any CPU
		{C8314E27-B6C4-4067-850D-1BF46DF00DEB}.Debug|Any CPU.ActiveCfg = Debug|Any CPU
		{C8314E27-B6C4-4067-850D-1BF46DF00DEB}.Debug|Any CPU.Build.0 = Debug|Any CPU
		{C8314E27-B6C4-4067-850D-1BF46DF00DEB}.Release|Any CPU.ActiveCfg = Release|Any CPU
		{C8314E27-B6C4-4067-850D-1BF46DF00DEB}.Release|Any CPU.Build.0 = Release|Any CPU
		{B3A8F938-0B71-4D97-AF3E-061677FFFFB8}.Debug|Any CPU.ActiveCfg = Debug|Any CPU
		{B3A8F938-0B71-4D97-AF3E-061677FFFFB8}.Debug|Any CPU.Build.0 = Debug|Any CPU
		{B3A8F938-0B71-4D97-AF3E-061677FFFFB8}.Release|Any CPU.ActiveCfg = Release|Any CPU
		{B3A8F938-0B71-4D97-AF3E-061677FFFFB8}.Release|Any CPU.Build.0 = Release|Any CPU
		{F2502A5E-60B3-4A23-930C-1847559A3159}.Debug|Any CPU.ActiveCfg = Debug|Any CPU
		{F2502A5E-60B3-4A23-930C-1847559A3159}.Debug|Any CPU.Build.0 = Debug|Any CPU
		{F2502A5E-60B3-4A23-930C-1847559A3159}.Release|Any CPU.ActiveCfg = Release|Any CPU
		{F2502A5E-60B3-4A23-930C-1847559A3159}.Release|Any CPU.Build.0 = Release|Any CPU
		{391C6846-1D12-40FA-BBC7-1B54D7B9E5D5}.Debug|Any CPU.ActiveCfg = Debug|Any CPU
		{391C6846-1D12-40FA-BBC7-1B54D7B9E5D5}.Debug|Any CPU.Build.0 = Debug|Any CPU
		{391C6846-1D12-40FA-BBC7-1B54D7B9E5D5}.Release|Any CPU.ActiveCfg = Release|Any CPU
		{391C6846-1D12-40FA-BBC7-1B54D7B9E5D5}.Release|Any CPU.Build.0 = Release|Any CPU
		{12573B80-D162-4572-B931-D31A7B776B26}.Debug|Any CPU.ActiveCfg = Debug|Any CPU
		{12573B80-D162-4572-B931-D31A7B776B26}.Debug|Any CPU.Build.0 = Debug|Any CPU
		{12573B80-D162-4572-B931-D31A7B776B26}.Release|Any CPU.ActiveCfg = Release|Any CPU
		{12573B80-D162-4572-B931-D31A7B776B26}.Release|Any CPU.Build.0 = Release|Any CPU
		{66B5F392-67C9-4797-9A6E-CF570E0C36E9}.Debug|Any CPU.ActiveCfg = Debug|Any CPU
		{66B5F392-67C9-4797-9A6E-CF570E0C36E9}.Debug|Any CPU.Build.0 = Debug|Any CPU
		{66B5F392-67C9-4797-9A6E-CF570E0C36E9}.Release|Any CPU.ActiveCfg = Release|Any CPU
		{66B5F392-67C9-4797-9A6E-CF570E0C36E9}.Release|Any CPU.Build.0 = Release|Any CPU
		{4EFCD47F-96F1-4128-A23D-61F9814F38C1}.Debug|Any CPU.ActiveCfg = Debug|Any CPU
		{4EFCD47F-96F1-4128-A23D-61F9814F38C1}.Debug|Any CPU.Build.0 = Debug|Any CPU
		{4EFCD47F-96F1-4128-A23D-61F9814F38C1}.Release|Any CPU.ActiveCfg = Release|Any CPU
		{4EFCD47F-96F1-4128-A23D-61F9814F38C1}.Release|Any CPU.Build.0 = Release|Any CPU
		{FCC1875C-ED65-4512-8829-02D0A16F99ED}.Debug|Any CPU.ActiveCfg = Debug|Any CPU
		{FCC1875C-ED65-4512-8829-02D0A16F99ED}.Debug|Any CPU.Build.0 = Debug|Any CPU
		{FCC1875C-ED65-4512-8829-02D0A16F99ED}.Release|Any CPU.ActiveCfg = Release|Any CPU
		{FCC1875C-ED65-4512-8829-02D0A16F99ED}.Release|Any CPU.Build.0 = Release|Any CPU
		{D9CB6E51-1E09-4F6E-83BB-D4F7828D8C30}.Debug|Any CPU.ActiveCfg = Debug|Any CPU
		{D9CB6E51-1E09-4F6E-83BB-D4F7828D8C30}.Debug|Any CPU.Build.0 = Debug|Any CPU
		{D9CB6E51-1E09-4F6E-83BB-D4F7828D8C30}.Release|Any CPU.ActiveCfg = Release|Any CPU
		{D9CB6E51-1E09-4F6E-83BB-D4F7828D8C30}.Release|Any CPU.Build.0 = Release|Any CPU
		{C8F38F9C-D06B-4DA7-A359-B2922EB8D56E}.Debug|Any CPU.ActiveCfg = Debug|Any CPU
		{C8F38F9C-D06B-4DA7-A359-B2922EB8D56E}.Debug|Any CPU.Build.0 = Debug|Any CPU
		{C8F38F9C-D06B-4DA7-A359-B2922EB8D56E}.Release|Any CPU.ActiveCfg = Release|Any CPU
		{C8F38F9C-D06B-4DA7-A359-B2922EB8D56E}.Release|Any CPU.Build.0 = Release|Any CPU
	EndGlobalSection
	GlobalSection(SolutionProperties) = preSolution
		HideSolutionNode = FALSE
	EndGlobalSection
	GlobalSection(ExtensibilityGlobals) = postSolution
		SolutionGuid = {03401FFD-D565-4626-A651-D6451063482F}
	EndGlobalSection
EndGlobal
