
Microsoft Visual Studio Solution File, Format Version 12.00
# Visual Studio Version 17
VisualStudioVersion = 17.3.32901.215
MinimumVisualStudioVersion = 10.0.40219.1
Project("{FAE04EC0-301F-11D3-BF4B-00C04F79EFBC}") = "CarManufacturer", "CarManufacturer\CarManufacturer.csproj", "{0D4B16FF-DB96-456D-AA48-239641547516}"
EndProject
Global
	GlobalSection(SolutionConfigurationPlatforms) = preSolution
		Debug|Any CPU = Debug|Any CPU
		Release|Any CPU = Release|Any CPU
	EndGlobalSection
	GlobalSection(ProjectConfigurationPlatforms) = postSolution
		{0D4B16FF-DB96-456D-AA48-239641547516}.Debug|Any CPU.ActiveCfg = Debug|Any CPU
		{0D4B16FF-DB96-456D-AA48-239641547516}.Debug|Any CPU.Build.0 = Debug|Any CPU
		{0D4B16FF-DB96-456D-AA48-239641547516}.Release|Any CPU.ActiveCfg = Release|Any CPU
		{0D4B16FF-DB96-456D-AA48-239641547516}.Release|Any CPU.Build.0 = Release|Any CPU
	EndGlobalSection
	GlobalSection(SolutionProperties) = preSolution
		HideSolutionNode = FALSE
	EndGlobalSection
	GlobalSection(ExtensibilityGlobals) = postSolution
		SolutionGuid = {4C34199B-9F15-4275-828A-E29EF65FCC4C}
	EndGlobalSection
EndGlobal
