
Microsoft Visual Studio Solution File, Format Version 12.00
# Visual Studio Version 17
VisualStudioVersion = 17.2.32505.173
MinimumVisualStudioVersion = 10.0.40219.1
Project("{FAE04EC0-301F-11D3-BF4B-00C04F79EFBC}") = "CountRealNumbers", "CountRealNumbers\CountRealNumbers.csproj", "{B85144CD-AD33-4209-BD8A-4923CF992981}"
EndProject
Project("{FAE04EC0-301F-11D3-BF4B-00C04F79EFBC}") = "Odd Occurences", "Odd Occurences\Odd Occurences.csproj", "{C2490E7B-8B04-4249-9DC8-5F0EA70D1F6B}"
EndProject
Project("{FAE04EC0-301F-11D3-BF4B-00C04F79EFBC}") = "Word Synonyms", "Word Synonyms\Word Synonyms.csproj", "{F3B49818-45F9-489D-B727-9A3380D0EDE2}"
EndProject
Project("{FAE04EC0-301F-11D3-BF4B-00C04F79EFBC}") = "Word Filter", "Word Filter\Word Filter.csproj", "{893E7FC4-0EEF-4BAC-A5D4-173322919964}"
EndProject
Global
	GlobalSection(SolutionConfigurationPlatforms) = preSolution
		Debug|Any CPU = Debug|Any CPU
		Release|Any CPU = Release|Any CPU
	EndGlobalSection
	GlobalSection(ProjectConfigurationPlatforms) = postSolution
		{B85144CD-AD33-4209-BD8A-4923CF992981}.Debug|Any CPU.ActiveCfg = Debug|Any CPU
		{B85144CD-AD33-4209-BD8A-4923CF992981}.Debug|Any CPU.Build.0 = Debug|Any CPU
		{B85144CD-AD33-4209-BD8A-4923CF992981}.Release|Any CPU.ActiveCfg = Release|Any CPU
		{B85144CD-AD33-4209-BD8A-4923CF992981}.Release|Any CPU.Build.0 = Release|Any CPU
		{C2490E7B-8B04-4249-9DC8-5F0EA70D1F6B}.Debug|Any CPU.ActiveCfg = Debug|Any CPU
		{C2490E7B-8B04-4249-9DC8-5F0EA70D1F6B}.Debug|Any CPU.Build.0 = Debug|Any CPU
		{C2490E7B-8B04-4249-9DC8-5F0EA70D1F6B}.Release|Any CPU.ActiveCfg = Release|Any CPU
		{C2490E7B-8B04-4249-9DC8-5F0EA70D1F6B}.Release|Any CPU.Build.0 = Release|Any CPU
		{F3B49818-45F9-489D-B727-9A3380D0EDE2}.Debug|Any CPU.ActiveCfg = Debug|Any CPU
		{F3B49818-45F9-489D-B727-9A3380D0EDE2}.Debug|Any CPU.Build.0 = Debug|Any CPU
		{F3B49818-45F9-489D-B727-9A3380D0EDE2}.Release|Any CPU.ActiveCfg = Release|Any CPU
		{F3B49818-45F9-489D-B727-9A3380D0EDE2}.Release|Any CPU.Build.0 = Release|Any CPU
		{893E7FC4-0EEF-4BAC-A5D4-173322919964}.Debug|Any CPU.ActiveCfg = Debug|Any CPU
		{893E7FC4-0EEF-4BAC-A5D4-173322919964}.Debug|Any CPU.Build.0 = Debug|Any CPU
		{893E7FC4-0EEF-4BAC-A5D4-173322919964}.Release|Any CPU.ActiveCfg = Release|Any CPU
		{893E7FC4-0EEF-4BAC-A5D4-173322919964}.Release|Any CPU.Build.0 = Release|Any CPU
	EndGlobalSection
	GlobalSection(SolutionProperties) = preSolution
		HideSolutionNode = FALSE
	EndGlobalSection
	GlobalSection(ExtensibilityGlobals) = postSolution
		SolutionGuid = {CDB3C08F-7479-4D26-A27C-EA86A10FF7D3}
	EndGlobalSection
EndGlobal
