
Microsoft Visual Studio Solution File, Format Version 12.00
# Visual Studio Version 17
VisualStudioVersion = 17.3.32929.385
MinimumVisualStudioVersion = 10.0.40219.1
Project("{FAE04EC0-301F-11D3-BF4B-00C04F79EFBC}") = "Shapes", "Shapes\Shapes.csproj", "{52417194-6FAF-4F84-AFD3-E0DB2EC34A2A}"
EndProject
Project("{FAE04EC0-301F-11D3-BF4B-00C04F79EFBC}") = "Cars", "Cars\Cars.csproj", "{8A1E47ED-B587-4307-A03A-F2202AA4ABB2}"
EndProject
Global
	GlobalSection(SolutionConfigurationPlatforms) = preSolution
		Debug|Any CPU = Debug|Any CPU
		Release|Any CPU = Release|Any CPU
	EndGlobalSection
	GlobalSection(ProjectConfigurationPlatforms) = postSolution
		{52417194-6FAF-4F84-AFD3-E0DB2EC34A2A}.Debug|Any CPU.ActiveCfg = Debug|Any CPU
		{52417194-6FAF-4F84-AFD3-E0DB2EC34A2A}.Debug|Any CPU.Build.0 = Debug|Any CPU
		{52417194-6FAF-4F84-AFD3-E0DB2EC34A2A}.Release|Any CPU.ActiveCfg = Release|Any CPU
		{52417194-6FAF-4F84-AFD3-E0DB2EC34A2A}.Release|Any CPU.Build.0 = Release|Any CPU
		{8A1E47ED-B587-4307-A03A-F2202AA4ABB2}.Debug|Any CPU.ActiveCfg = Debug|Any CPU
		{8A1E47ED-B587-4307-A03A-F2202AA4ABB2}.Debug|Any CPU.Build.0 = Debug|Any CPU
		{8A1E47ED-B587-4307-A03A-F2202AA4ABB2}.Release|Any CPU.ActiveCfg = Release|Any CPU
		{8A1E47ED-B587-4307-A03A-F2202AA4ABB2}.Release|Any CPU.Build.0 = Release|Any CPU
	EndGlobalSection
	GlobalSection(SolutionProperties) = preSolution
		HideSolutionNode = FALSE
	EndGlobalSection
	GlobalSection(ExtensibilityGlobals) = postSolution
		SolutionGuid = {6D5DE3E0-0212-41D1-9937-5572138330AD}
	EndGlobalSection
EndGlobal
