
Microsoft Visual Studio Solution File, Format Version 12.00
# Visual Studio Version 17
VisualStudioVersion = 17.3.32929.385
MinimumVisualStudioVersion = 10.0.40219.1
Project("{9A19103F-16F7-4668-BE54-9A1E7A4F7556}") = "Vehicle", "Vehicle\Vehicle.csproj", "{F36ECF65-4C32-42EB-BBB2-68012B7D6CF1}"
EndProject
Project("{9A19103F-16F7-4668-BE54-9A1E7A4F7556}") = "Raiding", "Raiding\Raiding.csproj", "{E4632BE7-E5AC-46CA-B5CE-F1119835938F}"
EndProject
Project("{FAE04EC0-301F-11D3-BF4B-00C04F79EFBC}") = "WildFarm", "Wild Farm\WildFarm.csproj", "{271E0F6A-740C-4325-A0F1-EDFB91F22678}"
EndProject
Global
	GlobalSection(SolutionConfigurationPlatforms) = preSolution
		Debug|Any CPU = Debug|Any CPU
		Release|Any CPU = Release|Any CPU
	EndGlobalSection
	GlobalSection(ProjectConfigurationPlatforms) = postSolution
		{F36ECF65-4C32-42EB-BBB2-68012B7D6CF1}.Debug|Any CPU.ActiveCfg = Debug|Any CPU
		{F36ECF65-4C32-42EB-BBB2-68012B7D6CF1}.Debug|Any CPU.Build.0 = Debug|Any CPU
		{F36ECF65-4C32-42EB-BBB2-68012B7D6CF1}.Release|Any CPU.ActiveCfg = Release|Any CPU
		{F36ECF65-4C32-42EB-BBB2-68012B7D6CF1}.Release|Any CPU.Build.0 = Release|Any CPU
		{E4632BE7-E5AC-46CA-B5CE-F1119835938F}.Debug|Any CPU.ActiveCfg = Debug|Any CPU
		{E4632BE7-E5AC-46CA-B5CE-F1119835938F}.Debug|Any CPU.Build.0 = Debug|Any CPU
		{E4632BE7-E5AC-46CA-B5CE-F1119835938F}.Release|Any CPU.ActiveCfg = Release|Any CPU
		{E4632BE7-E5AC-46CA-B5CE-F1119835938F}.Release|Any CPU.Build.0 = Release|Any CPU
		{271E0F6A-740C-4325-A0F1-EDFB91F22678}.Debug|Any CPU.ActiveCfg = Debug|Any CPU
		{271E0F6A-740C-4325-A0F1-EDFB91F22678}.Debug|Any CPU.Build.0 = Debug|Any CPU
		{271E0F6A-740C-4325-A0F1-EDFB91F22678}.Release|Any CPU.ActiveCfg = Release|Any CPU
		{271E0F6A-740C-4325-A0F1-EDFB91F22678}.Release|Any CPU.Build.0 = Release|Any CPU
	EndGlobalSection
	GlobalSection(SolutionProperties) = preSolution
		HideSolutionNode = FALSE
	EndGlobalSection
	GlobalSection(ExtensibilityGlobals) = postSolution
		SolutionGuid = {5F8A11A8-9333-4550-A567-6EEBC0E1054C}
	EndGlobalSection
EndGlobal
